
Microsoft Visual Studio Solution File, Format Version 12.00
# Visual Studio Version 17
VisualStudioVersion = 17.11.35303.130
MinimumVisualStudioVersion = 10.0.40219.1
Project("{2150E333-8FDC-42A3-9474-1A3956D46DE8}") = "Task0", "Task0", "{7E693B82-BAE1-4766-B1D7-0234BBCFB8EF}"
EndProject
Project("{FAE04EC0-301F-11D3-BF4B-00C04F79EFBC}") = "Tyuiu.KomarovNA.Sprint1.Task0.V13", "Tyuiu.KomarovNA.Sprint1.Task0.V13\Tyuiu.KomarovNA.Sprint1.Task0.V13.csproj", "{338D8F7D-D7E6-4911-963B-D97DC8069FEC}"
EndProject
Project("{FAE04EC0-301F-11D3-BF4B-00C04F79EFBC}") = "Tyuiu.KomarovNA.Sprint1.Task0.V13.Lib", "Tyuiu.KomarovNA.Sprint1.Task0.V13.Lib\Tyuiu.KomarovNA.Sprint1.Task0.V13.Lib.csproj", "{A26542B5-5C1C-46BD-A39B-460F61F78BF7}"
EndProject
Project("{FAE04EC0-301F-11D3-BF4B-00C04F79EFBC}") = "Tyuiu.KomarovNA.Sprint1.Task0.V13.Test", "Tyuiu.KomarovNA.Sprint1.Task0.V13.Test\Tyuiu.KomarovNA.Sprint1.Task0.V13.Test.csproj", "{EB7EA0C6-7AAA-4C4C-AB8F-74BC29F68809}"
EndProject
Global
	GlobalSection(SolutionConfigurationPlatforms) = preSolution
		Debug|Any CPU = Debug|Any CPU
		Release|Any CPU = Release|Any CPU
	EndGlobalSection
	GlobalSection(ProjectConfigurationPlatforms) = postSolution
		{338D8F7D-D7E6-4911-963B-D97DC8069FEC}.Debug|Any CPU.ActiveCfg = Debug|Any CPU
		{338D8F7D-D7E6-4911-963B-D97DC8069FEC}.Debug|Any CPU.Build.0 = Debug|Any CPU
		{338D8F7D-D7E6-4911-963B-D97DC8069FEC}.Release|Any CPU.ActiveCfg = Release|Any CPU
		{338D8F7D-D7E6-4911-963B-D97DC8069FEC}.Release|Any CPU.Build.0 = Release|Any CPU
		{A26542B5-5C1C-46BD-A39B-460F61F78BF7}.Debug|Any CPU.ActiveCfg = Debug|Any CPU
		{A26542B5-5C1C-46BD-A39B-460F61F78BF7}.Debug|Any CPU.Build.0 = Debug|Any CPU
		{A26542B5-5C1C-46BD-A39B-460F61F78BF7}.Release|Any CPU.ActiveCfg = Release|Any CPU
		{A26542B5-5C1C-46BD-A39B-460F61F78BF7}.Release|Any CPU.Build.0 = Release|Any CPU
		{EB7EA0C6-7AAA-4C4C-AB8F-74BC29F68809}.Debug|Any CPU.ActiveCfg = Debug|Any CPU
		{EB7EA0C6-7AAA-4C4C-AB8F-74BC29F68809}.Debug|Any CPU.Build.0 = Debug|Any CPU
		{EB7EA0C6-7AAA-4C4C-AB8F-74BC29F68809}.Release|Any CPU.ActiveCfg = Release|Any CPU
		{EB7EA0C6-7AAA-4C4C-AB8F-74BC29F68809}.Release|Any CPU.Build.0 = Release|Any CPU
	EndGlobalSection
	GlobalSection(SolutionProperties) = preSolution
		HideSolutionNode = FALSE
	EndGlobalSection
	GlobalSection(NestedProjects) = preSolution
		{338D8F7D-D7E6-4911-963B-D97DC8069FEC} = {7E693B82-BAE1-4766-B1D7-0234BBCFB8EF}
		{A26542B5-5C1C-46BD-A39B-460F61F78BF7} = {7E693B82-BAE1-4766-B1D7-0234BBCFB8EF}
		{EB7EA0C6-7AAA-4C4C-AB8F-74BC29F68809} = {7E693B82-BAE1-4766-B1D7-0234BBCFB8EF}
	EndGlobalSection
	GlobalSection(ExtensibilityGlobals) = postSolution
		SolutionGuid = {DB73427F-EB1D-4A45-B7EA-278C78511F5D}
	EndGlobalSection
EndGlobal
