
Microsoft Visual Studio Solution File, Format Version 12.00
# Visual Studio Version 17
VisualStudioVersion = 17.11.35303.130
MinimumVisualStudioVersion = 10.0.40219.1
Project("{2150E333-8FDC-42A3-9474-1A3956D46DE8}") = "Task0", "Task0", "{7E693B82-BAE1-4766-B1D7-0234BBCFB8EF}"
EndProject
Project("{9A19103F-16F7-4668-BE54-9A1E7A4F7556}") = "Tyuiu.KomarovNA.Sprint1.Task0.V13", "Tyuiu.KomarovNA.Sprint1.Task0.V13\Tyuiu.KomarovNA.Sprint1.Task0.V13.csproj", "{338D8F7D-D7E6-4911-963B-D97DC8069FEC}"
EndProject
Project("{9A19103F-16F7-4668-BE54-9A1E7A4F7556}") = "Tyuiu.KomarovNA.Sprint1.Task0.V13.Lib", "Tyuiu.KomarovNA.Sprint1.Task0.V13.Lib\Tyuiu.KomarovNA.Sprint1.Task0.V13.Lib.csproj", "{A26542B5-5C1C-46BD-A39B-460F61F78BF7}"
EndProject
Project("{9A19103F-16F7-4668-BE54-9A1E7A4F7556}") = "Tyuiu.KomarovNA.Sprint1.Task0.V13.Test", "Tyuiu.KomarovNA.Sprint1.Task0.V13.Test\Tyuiu.KomarovNA.Sprint1.Task0.V13.Test.csproj", "{EB7EA0C6-7AAA-4C4C-AB8F-74BC29F68809}"
EndProject
Project("{2150E333-8FDC-42A3-9474-1A3956D46DE8}") = "Task1", "Task1", "{14431693-DB70-4D51-B3C5-C18FDED8DD0F}"
EndProject
Project("{9A19103F-16F7-4668-BE54-9A1E7A4F7556}") = "Tyuiu.KomarovNA.Sprint1.Task1.V21", "Tyuiu.KomarovNA.Sprint1.Task1.V21\Tyuiu.KomarovNA.Sprint1.Task1.V21.csproj", "{BDEDB875-0EFA-4B3C-A866-226726846D30}"
EndProject
Project("{9A19103F-16F7-4668-BE54-9A1E7A4F7556}") = "Tyuiu.KomarovNA.Sprint1.Task1.V21.Lib", "Tyuiu.KomarovNA.Sprint1.Task1.V21.Lib\Tyuiu.KomarovNA.Sprint1.Task1.V21.Lib.csproj", "{C0363840-8FB7-4E90-8F77-D9FA7B32EBA6}"
EndProject
Project("{9A19103F-16F7-4668-BE54-9A1E7A4F7556}") = "Tyuiu.KomarovNA.Sprint1.Task1.V21.Test", "Tyuiu.KomarovNA.Sprint1.Task1.V21.Test\Tyuiu.KomarovNA.Sprint1.Task1.V21.Test.csproj", "{343BA41E-A986-415B-AE68-A3F4D31C09A5}"
EndProject
Project("{2150E333-8FDC-42A3-9474-1A3956D46DE8}") = "Task2", "Task2", "{C30EC01A-614E-493F-AE3B-EC9946D30D5D}"
EndProject
Project("{9A19103F-16F7-4668-BE54-9A1E7A4F7556}") = "Tyuiu.KomarovNA.Sprint1.Task2.V7", "Tyuiu.KomarovNA.Sprint1.Task2.V7\Tyuiu.KomarovNA.Sprint1.Task2.V7.csproj", "{18B450F1-DFB6-44BB-94B0-6941EA865819}"
EndProject
Project("{9A19103F-16F7-4668-BE54-9A1E7A4F7556}") = "Tyuiu.KomarovNA.Sprint1.Task2.V7.Lib", "Tyuiu.KomarovNA.Sprint1.Task2.V7.Lib\Tyuiu.KomarovNA.Sprint1.Task2.V7.Lib.csproj", "{6C96D313-D6D8-4D38-B266-F51F4A30CB2C}"
EndProject
Project("{9A19103F-16F7-4668-BE54-9A1E7A4F7556}") = "Tyuiu.KomarovNA.Sprint1.Task2.V7.Test", "Tyuiu.KomarovNA.Sprint1.Task2.V7.Test\Tyuiu.KomarovNA.Sprint1.Task2.V7.Test.csproj", "{0BE336C3-E89E-4F15-8D61-0937045DDA04}"
EndProject
Project("{2150E333-8FDC-42A3-9474-1A3956D46DE8}") = "Task3", "Task3", "{119B7819-EBCF-413D-B95E-AE343565D296}"
EndProject
Project("{9A19103F-16F7-4668-BE54-9A1E7A4F7556}") = "Tyuiu.KomarovNA.Sprint1.Task3.V10", "Tyuiu.KomarovNA.Sprint1.Task3.V10\Tyuiu.KomarovNA.Sprint1.Task3.V10.csproj", "{A04C3585-538C-4C59-90B7-61E4E9D9D344}"
EndProject
Project("{9A19103F-16F7-4668-BE54-9A1E7A4F7556}") = "Tyuiu.KomarovNA.Sprint1.Task3.V10.Lib", "Tyuiu.KomarovNA.Sprint1.Task3.V10.Lib\Tyuiu.KomarovNA.Sprint1.Task3.V10.Lib.csproj", "{55E071A7-2C36-4F66-A86A-E33CEAC4EDEB}"
EndProject
Project("{9A19103F-16F7-4668-BE54-9A1E7A4F7556}") = "Tyuiu.KomarovNA.Sprint1.Task3.V10.Test", "Tyuiu.KomarovNA.Sprint1.Task3.V10.Test\Tyuiu.KomarovNA.Sprint1.Task3.V10.Test.csproj", "{9E4FF8F5-A566-466C-9B34-3654BE21F72F}"
EndProject
Project("{2150E333-8FDC-42A3-9474-1A3956D46DE8}") = "Task4", "Task4", "{E1EBE72A-EF34-4140-87B2-8D46DDB97F99}"
EndProject
Project("{9A19103F-16F7-4668-BE54-9A1E7A4F7556}") = "Tyuiu.KomarovNA.Sprint1.Task4.V4", "Tyuiu.KomarovNA.Sprint1.Task4.V4\Tyuiu.KomarovNA.Sprint1.Task4.V4.csproj", "{DBD1F9EE-C6B6-4087-8ED6-6EC515ED079D}"
EndProject
Project("{9A19103F-16F7-4668-BE54-9A1E7A4F7556}") = "Tyuiu.KomarovNA.Sprint1.Task4.V4.Lib", "Tyuiu.KomarovNA.Sprint1.Task4.V4.Lib\Tyuiu.KomarovNA.Sprint1.Task4.V4.Lib.csproj", "{44F0E9D3-6F24-4E89-BBC2-452C1E74ABA1}"
EndProject
Project("{FAE04EC0-301F-11D3-BF4B-00C04F79EFBC}") = "Tyuiu.KomarovNA.Sprint1.Task4.V4.Test", "Tyuiu.KomarovNA.Sprint1.Task4.V4.Test\Tyuiu.KomarovNA.Sprint1.Task4.V4.Test.csproj", "{0CDD01B3-1423-48F1-9184-A7059E9B483C}"
EndProject
Global
	GlobalSection(SolutionConfigurationPlatforms) = preSolution
		Debug|Any CPU = Debug|Any CPU
		Release|Any CPU = Release|Any CPU
	EndGlobalSection
	GlobalSection(ProjectConfigurationPlatforms) = postSolution
		{338D8F7D-D7E6-4911-963B-D97DC8069FEC}.Debug|Any CPU.ActiveCfg = Debug|Any CPU
		{338D8F7D-D7E6-4911-963B-D97DC8069FEC}.Debug|Any CPU.Build.0 = Debug|Any CPU
		{338D8F7D-D7E6-4911-963B-D97DC8069FEC}.Release|Any CPU.ActiveCfg = Release|Any CPU
		{338D8F7D-D7E6-4911-963B-D97DC8069FEC}.Release|Any CPU.Build.0 = Release|Any CPU
		{A26542B5-5C1C-46BD-A39B-460F61F78BF7}.Debug|Any CPU.ActiveCfg = Debug|Any CPU
		{A26542B5-5C1C-46BD-A39B-460F61F78BF7}.Debug|Any CPU.Build.0 = Debug|Any CPU
		{A26542B5-5C1C-46BD-A39B-460F61F78BF7}.Release|Any CPU.ActiveCfg = Release|Any CPU
		{A26542B5-5C1C-46BD-A39B-460F61F78BF7}.Release|Any CPU.Build.0 = Release|Any CPU
		{EB7EA0C6-7AAA-4C4C-AB8F-74BC29F68809}.Debug|Any CPU.ActiveCfg = Debug|Any CPU
		{EB7EA0C6-7AAA-4C4C-AB8F-74BC29F68809}.Debug|Any CPU.Build.0 = Debug|Any CPU
		{EB7EA0C6-7AAA-4C4C-AB8F-74BC29F68809}.Release|Any CPU.ActiveCfg = Release|Any CPU
		{EB7EA0C6-7AAA-4C4C-AB8F-74BC29F68809}.Release|Any CPU.Build.0 = Release|Any CPU
		{BDEDB875-0EFA-4B3C-A866-226726846D30}.Debug|Any CPU.ActiveCfg = Debug|Any CPU
		{BDEDB875-0EFA-4B3C-A866-226726846D30}.Debug|Any CPU.Build.0 = Debug|Any CPU
		{BDEDB875-0EFA-4B3C-A866-226726846D30}.Release|Any CPU.ActiveCfg = Release|Any CPU
		{BDEDB875-0EFA-4B3C-A866-226726846D30}.Release|Any CPU.Build.0 = Release|Any CPU
		{C0363840-8FB7-4E90-8F77-D9FA7B32EBA6}.Debug|Any CPU.ActiveCfg = Debug|Any CPU
		{C0363840-8FB7-4E90-8F77-D9FA7B32EBA6}.Debug|Any CPU.Build.0 = Debug|Any CPU
		{C0363840-8FB7-4E90-8F77-D9FA7B32EBA6}.Release|Any CPU.ActiveCfg = Release|Any CPU
		{C0363840-8FB7-4E90-8F77-D9FA7B32EBA6}.Release|Any CPU.Build.0 = Release|Any CPU
		{343BA41E-A986-415B-AE68-A3F4D31C09A5}.Debug|Any CPU.ActiveCfg = Debug|Any CPU
		{343BA41E-A986-415B-AE68-A3F4D31C09A5}.Debug|Any CPU.Build.0 = Debug|Any CPU
		{343BA41E-A986-415B-AE68-A3F4D31C09A5}.Release|Any CPU.ActiveCfg = Release|Any CPU
		{343BA41E-A986-415B-AE68-A3F4D31C09A5}.Release|Any CPU.Build.0 = Release|Any CPU
		{18B450F1-DFB6-44BB-94B0-6941EA865819}.Debug|Any CPU.ActiveCfg = Debug|Any CPU
		{18B450F1-DFB6-44BB-94B0-6941EA865819}.Debug|Any CPU.Build.0 = Debug|Any CPU
		{18B450F1-DFB6-44BB-94B0-6941EA865819}.Release|Any CPU.ActiveCfg = Release|Any CPU
		{18B450F1-DFB6-44BB-94B0-6941EA865819}.Release|Any CPU.Build.0 = Release|Any CPU
		{6C96D313-D6D8-4D38-B266-F51F4A30CB2C}.Debug|Any CPU.ActiveCfg = Debug|Any CPU
		{6C96D313-D6D8-4D38-B266-F51F4A30CB2C}.Debug|Any CPU.Build.0 = Debug|Any CPU
		{6C96D313-D6D8-4D38-B266-F51F4A30CB2C}.Release|Any CPU.ActiveCfg = Release|Any CPU
		{6C96D313-D6D8-4D38-B266-F51F4A30CB2C}.Release|Any CPU.Build.0 = Release|Any CPU
		{0BE336C3-E89E-4F15-8D61-0937045DDA04}.Debug|Any CPU.ActiveCfg = Debug|Any CPU
		{0BE336C3-E89E-4F15-8D61-0937045DDA04}.Debug|Any CPU.Build.0 = Debug|Any CPU
		{0BE336C3-E89E-4F15-8D61-0937045DDA04}.Release|Any CPU.ActiveCfg = Release|Any CPU
		{0BE336C3-E89E-4F15-8D61-0937045DDA04}.Release|Any CPU.Build.0 = Release|Any CPU
		{A04C3585-538C-4C59-90B7-61E4E9D9D344}.Debug|Any CPU.ActiveCfg = Debug|Any CPU
		{A04C3585-538C-4C59-90B7-61E4E9D9D344}.Debug|Any CPU.Build.0 = Debug|Any CPU
		{A04C3585-538C-4C59-90B7-61E4E9D9D344}.Release|Any CPU.ActiveCfg = Release|Any CPU
		{A04C3585-538C-4C59-90B7-61E4E9D9D344}.Release|Any CPU.Build.0 = Release|Any CPU
		{55E071A7-2C36-4F66-A86A-E33CEAC4EDEB}.Debug|Any CPU.ActiveCfg = Debug|Any CPU
		{55E071A7-2C36-4F66-A86A-E33CEAC4EDEB}.Debug|Any CPU.Build.0 = Debug|Any CPU
		{55E071A7-2C36-4F66-A86A-E33CEAC4EDEB}.Release|Any CPU.ActiveCfg = Release|Any CPU
		{55E071A7-2C36-4F66-A86A-E33CEAC4EDEB}.Release|Any CPU.Build.0 = Release|Any CPU
		{9E4FF8F5-A566-466C-9B34-3654BE21F72F}.Debug|Any CPU.ActiveCfg = Debug|Any CPU
		{9E4FF8F5-A566-466C-9B34-3654BE21F72F}.Debug|Any CPU.Build.0 = Debug|Any CPU
		{9E4FF8F5-A566-466C-9B34-3654BE21F72F}.Release|Any CPU.ActiveCfg = Release|Any CPU
		{9E4FF8F5-A566-466C-9B34-3654BE21F72F}.Release|Any CPU.Build.0 = Release|Any CPU
		{DBD1F9EE-C6B6-4087-8ED6-6EC515ED079D}.Debug|Any CPU.ActiveCfg = Debug|Any CPU
		{DBD1F9EE-C6B6-4087-8ED6-6EC515ED079D}.Debug|Any CPU.Build.0 = Debug|Any CPU
		{DBD1F9EE-C6B6-4087-8ED6-6EC515ED079D}.Release|Any CPU.ActiveCfg = Release|Any CPU
		{DBD1F9EE-C6B6-4087-8ED6-6EC515ED079D}.Release|Any CPU.Build.0 = Release|Any CPU
		{44F0E9D3-6F24-4E89-BBC2-452C1E74ABA1}.Debug|Any CPU.ActiveCfg = Debug|Any CPU
		{44F0E9D3-6F24-4E89-BBC2-452C1E74ABA1}.Debug|Any CPU.Build.0 = Debug|Any CPU
		{44F0E9D3-6F24-4E89-BBC2-452C1E74ABA1}.Release|Any CPU.ActiveCfg = Release|Any CPU
		{44F0E9D3-6F24-4E89-BBC2-452C1E74ABA1}.Release|Any CPU.Build.0 = Release|Any CPU
		{0CDD01B3-1423-48F1-9184-A7059E9B483C}.Debug|Any CPU.ActiveCfg = Debug|Any CPU
		{0CDD01B3-1423-48F1-9184-A7059E9B483C}.Debug|Any CPU.Build.0 = Debug|Any CPU
		{0CDD01B3-1423-48F1-9184-A7059E9B483C}.Release|Any CPU.ActiveCfg = Release|Any CPU
		{0CDD01B3-1423-48F1-9184-A7059E9B483C}.Release|Any CPU.Build.0 = Release|Any CPU
	EndGlobalSection
	GlobalSection(SolutionProperties) = preSolution
		HideSolutionNode = FALSE
	EndGlobalSection
	GlobalSection(NestedProjects) = preSolution
		{338D8F7D-D7E6-4911-963B-D97DC8069FEC} = {7E693B82-BAE1-4766-B1D7-0234BBCFB8EF}
		{A26542B5-5C1C-46BD-A39B-460F61F78BF7} = {7E693B82-BAE1-4766-B1D7-0234BBCFB8EF}
		{EB7EA0C6-7AAA-4C4C-AB8F-74BC29F68809} = {7E693B82-BAE1-4766-B1D7-0234BBCFB8EF}
		{BDEDB875-0EFA-4B3C-A866-226726846D30} = {14431693-DB70-4D51-B3C5-C18FDED8DD0F}
		{C0363840-8FB7-4E90-8F77-D9FA7B32EBA6} = {14431693-DB70-4D51-B3C5-C18FDED8DD0F}
		{343BA41E-A986-415B-AE68-A3F4D31C09A5} = {14431693-DB70-4D51-B3C5-C18FDED8DD0F}
		{18B450F1-DFB6-44BB-94B0-6941EA865819} = {C30EC01A-614E-493F-AE3B-EC9946D30D5D}
		{6C96D313-D6D8-4D38-B266-F51F4A30CB2C} = {C30EC01A-614E-493F-AE3B-EC9946D30D5D}
		{0BE336C3-E89E-4F15-8D61-0937045DDA04} = {C30EC01A-614E-493F-AE3B-EC9946D30D5D}
		{A04C3585-538C-4C59-90B7-61E4E9D9D344} = {119B7819-EBCF-413D-B95E-AE343565D296}
		{55E071A7-2C36-4F66-A86A-E33CEAC4EDEB} = {119B7819-EBCF-413D-B95E-AE343565D296}
		{9E4FF8F5-A566-466C-9B34-3654BE21F72F} = {119B7819-EBCF-413D-B95E-AE343565D296}
		{DBD1F9EE-C6B6-4087-8ED6-6EC515ED079D} = {E1EBE72A-EF34-4140-87B2-8D46DDB97F99}
		{44F0E9D3-6F24-4E89-BBC2-452C1E74ABA1} = {E1EBE72A-EF34-4140-87B2-8D46DDB97F99}
		{0CDD01B3-1423-48F1-9184-A7059E9B483C} = {E1EBE72A-EF34-4140-87B2-8D46DDB97F99}
	EndGlobalSection
	GlobalSection(ExtensibilityGlobals) = postSolution
		SolutionGuid = {DB73427F-EB1D-4A45-B7EA-278C78511F5D}
	EndGlobalSection
EndGlobal
